
Microsoft Visual Studio Solution File, Format Version 12.00
# Visual Studio Version 17
VisualStudioVersion = 17.0.32112.339
MinimumVisualStudioVersion = 10.0.40219.1
Project("{9A19103F-16F7-4668-BE54-9A1E7A4F7556}") = "MovieStoreApp.WebApp", "MovieStoreApp.WebApp\MovieStoreApp.WebApp.csproj", "{EB10EA87-C4A6-43A4-85ED-E24325B9658E}"
EndProject
Project("{9A19103F-16F7-4668-BE54-9A1E7A4F7556}") = "MovieStoreApp.Infrastructure", "MovieStoreApp.Infrastructure\MovieStoreApp.Infrastructure.csproj", "{B17E80B3-D103-41BB-AAF0-0A17FDD4B27F}"
EndProject
Project("{9A19103F-16F7-4668-BE54-9A1E7A4F7556}") = "MovieStoreApp.Core", "MovieStoreApp.Interface\MovieStoreApp.Core.csproj", "{D43C5934-17CC-4EBD-B11A-088DA5252D55}"
EndProject
Global
	GlobalSection(SolutionConfigurationPlatforms) = preSolution
		Debug|Any CPU = Debug|Any CPU
		Release|Any CPU = Release|Any CPU
	EndGlobalSection
	GlobalSection(ProjectConfigurationPlatforms) = postSolution
		{EB10EA87-C4A6-43A4-85ED-E24325B9658E}.Debug|Any CPU.ActiveCfg = Debug|Any CPU
		{EB10EA87-C4A6-43A4-85ED-E24325B9658E}.Debug|Any CPU.Build.0 = Debug|Any CPU
		{EB10EA87-C4A6-43A4-85ED-E24325B9658E}.Release|Any CPU.ActiveCfg = Release|Any CPU
		{EB10EA87-C4A6-43A4-85ED-E24325B9658E}.Release|Any CPU.Build.0 = Release|Any CPU
		{B17E80B3-D103-41BB-AAF0-0A17FDD4B27F}.Debug|Any CPU.ActiveCfg = Debug|Any CPU
		{B17E80B3-D103-41BB-AAF0-0A17FDD4B27F}.Debug|Any CPU.Build.0 = Debug|Any CPU
		{B17E80B3-D103-41BB-AAF0-0A17FDD4B27F}.Release|Any CPU.ActiveCfg = Release|Any CPU
		{B17E80B3-D103-41BB-AAF0-0A17FDD4B27F}.Release|Any CPU.Build.0 = Release|Any CPU
		{D43C5934-17CC-4EBD-B11A-088DA5252D55}.Debug|Any CPU.ActiveCfg = Debug|Any CPU
		{D43C5934-17CC-4EBD-B11A-088DA5252D55}.Debug|Any CPU.Build.0 = Debug|Any CPU
		{D43C5934-17CC-4EBD-B11A-088DA5252D55}.Release|Any CPU.ActiveCfg = Release|Any CPU
		{D43C5934-17CC-4EBD-B11A-088DA5252D55}.Release|Any CPU.Build.0 = Release|Any CPU
	EndGlobalSection
	GlobalSection(SolutionProperties) = preSolution
		HideSolutionNode = FALSE
	EndGlobalSection
	GlobalSection(ExtensibilityGlobals) = postSolution
		SolutionGuid = {EB038DC7-2C1A-440B-B428-F9BEC1E34E66}
	EndGlobalSection
EndGlobal
